{
    "_readme": [
        "This file locks the dependencies of your project to a known state",
        "Read more about it at https://getcomposer.org/doc/01-basic-usage.md#installing-dependencies",
        "This file is @generated automatically"
    ],
    "content-hash": "4dcb6bb8b6020ecc5bc8dd8647def144",
    "packages": [
        {
            "name": "Telefonica/latch-sdk-php",
            "version": "1.2.0",
            "source": {
                "type": "git",
                "url": "https://github.com/Telefonica/latch-sdk-php.git",
                "reference": "4c037c1ac0f33b5b548ae48d6d787da5773139af"
            },
            "dist": {
                "type": "zip",
                "url": "https://api.github.com/repos/Telefonica/latch-sdk-php/zipball/4c037c1ac0f33b5b548ae48d6d787da5773139af",
                "reference": "4c037c1ac0f33b5b548ae48d6d787da5773139af",
                "shasum": ""
            },
            "require": {
                "php": ">=5.6.32"
            },
            "type": "sdk",
            "autoload": {
                "psr-4": {
                    "Telefonica\\Latch\\": "src/"
                }
            },
            "license": [
                "LGPL-2.1+"
            ],
            "authors": [
                {
                    "name": "TelefonicaDigital",
                    "email": "soporte.latch@telefonica.com"
                }
            ],
            "description": "Latch SDK PHP",
            "homepage": "https://latch.telefonica.com/",
            "keywords": [
                "api",
                "latch",
                "php",
                "security"
            ],
            "support": {
                "source": "https://github.com/Telefonica/latch-sdk-php/tree/1.2.0",
                "issues": "https://github.com/Telefonica/latch-sdk-php/issues"
            },
            "time": "2023-07-17T15:48:42+00:00"
        }
    ],
    "packages-dev": [],
    "aliases": [],
    "minimum-stability": "stable",
    "stability-flags": [],
    "prefer-stable": false,
    "prefer-lowest": false,
    "platform": {
        "php": ">=5.6.32"
    },
    "platform-dev": [],
    "plugin-api-version": "2.3.0"
}
