{
    "_readme": [
        "This file locks the dependencies of your project to a known state",
        "Read more about it at https://getcomposer.org/doc/01-basic-usage.md#composer-lock-the-lock-file",
        "This file is @generated automatically"
    ],
    "hash": "b203851c8d41ef9f28b189b66c83a9f8",
    "content-hash": "1e4941b8ff500a783f7128336f771b17",
    "packages": [
        {
            "name": "ElevenPaths/latch-sdk-php",
            "version": "dev-development",
            "source": {
                "type": "git",
                "url": "https://github.com/ElevenPaths/latch-sdk-php.git",
                "reference": "8e6d252e0343ac6822d90eb3e55d3c892dacfe63"
            },
            "dist": {
                "type": "zip",
                "url": "https://api.github.com/repos/ElevenPaths/latch-sdk-php/zipball/8e6d252e0343ac6822d90eb3e55d3c892dacfe63",
                "reference": "8e6d252e0343ac6822d90eb3e55d3c892dacfe63",
                "shasum": ""
            },
            "require": {
                "php": ">=5.3.0"
            },
            "type": "sdk",
            "autoload": {
                "psr-4": {
                    "ElevenPaths\\Latch\\": "src/"
                }
            },
            "license": [
                "LGPL-2.1+"
            ],
            "authors": [
                {
                    "name": "ElevenPaths",
                    "email": "elevenpaths@elevenpaths.com"
                }
            ],
            "description": "Latch SDK PHP",
            "homepage": "https://latch.elevenpaths.com/",
            "keywords": [
                "api",
                "latch",
                "php",
                "security"
            ],
            "support": {
                "source": "https://github.com/ElevenPaths/latch-sdk-php/tree/development",
                "issues": "https://github.com/ElevenPaths/latch-sdk-php/issues"
            },
            "time": "2015-04-14 09:40:57"
        }
    ],
    "packages-dev": [],
    "aliases": [],
    "minimum-stability": "stable",
    "stability-flags": {
        "elevenpaths/latch-sdk-php": 20
    },
    "prefer-stable": false,
    "prefer-lowest": false,
    "platform": {
        "php": ">=5.3.0"
    },
    "platform-dev": []
}
